
Microsoft Visual Studio Solution File, Format Version 12.00
# Visual Studio Version 17
VisualStudioVersion = 17.3.32929.385
MinimumVisualStudioVersion = 10.0.40219.1
Project("{FAE04EC0-301F-11D3-BF4B-00C04F79EFBC}") = "DesignPatterns", "DesignPatterns\DesignPatterns.csproj", "{3192BE40-2586-47AC-8C7C-6588B385C6B0}"
EndProject
Global
	GlobalSection(SolutionConfigurationPlatforms) = preSolution
		Debug|Any CPU = Debug|Any CPU
		Release|Any CPU = Release|Any CPU
	EndGlobalSection
	GlobalSection(ProjectConfigurationPlatforms) = postSolution
		{3192BE40-2586-47AC-8C7C-6588B385C6B0}.Debug|Any CPU.ActiveCfg = Debug|Any CPU
		{3192BE40-2586-47AC-8C7C-6588B385C6B0}.Debug|Any CPU.Build.0 = Debug|Any CPU
		{3192BE40-2586-47AC-8C7C-6588B385C6B0}.Release|Any CPU.ActiveCfg = Release|Any CPU
		{3192BE40-2586-47AC-8C7C-6588B385C6B0}.Release|Any CPU.Build.0 = Release|Any CPU
	EndGlobalSection
	GlobalSection(SolutionProperties) = preSolution
		HideSolutionNode = FALSE
	EndGlobalSection
	GlobalSection(ExtensibilityGlobals) = postSolution
		SolutionGuid = {E9EA2E90-C29B-4B99-AFD2-3F37ED3B7B4B}
	EndGlobalSection
EndGlobal
